// !$*UTF8*$!
{
	archiveVersion = 1;
	classes = {
	};
	objectVersion = 46;
	objects = {

/* Begin PBXBuildFile section */
		9F827B351DFEC64E00696DA2 /* default.txt in Resources */ = {isa = PBXBuildFile; fileRef = 9F827B341DFEC64E00696DA2 /* default.txt */; };
		9FB766131CEB738F0088F3F6 /* phone.txt in Resources */ = {isa = PBXBuildFile; fileRef = 9FB766121CEB738F0088F3F6 /* phone.txt */; };
		9FB766151CEB74390088F3F6 /* contact.txt in Resources */ = {isa = PBXBuildFile; fileRef = 9FB766141CEB74390088F3F6 /* contact.txt */; };
		9FDAB6A81E013DC800A5DB92 /* telphone.txt in Resources */ = {isa = PBXBuildFile; fileRef = 9FDAB6A71E013DC800A5DB92 /* telphone.txt */; };
		9FF8FD1B1CE869D00028B4B0 /* main.m in Sources */ = {isa = PBXBuildFile; fileRef = 9FF8FD1A1CE869D00028B4B0 /* main.m */; };
		9FF8FD1E1CE869D00028B4B0 /* AppDelegate.m in Sources */ = {isa = PBXBuildFile; fileRef = 9FF8FD1D1CE869D00028B4B0 /* AppDelegate.m */; };
		9FF8FD211CE869D00028B4B0 /* ViewController.m in Sources */ = {isa = PBXBuildFile; fileRef = 9FF8FD201CE869D00028B4B0 /* ViewController.m */; };
		9FF8FD241CE869D00028B4B0 /* Main.storyboard in Resources */ = {isa = PBXBuildFile; fileRef = 9FF8FD221CE869D00028B4B0 /* Main.storyboard */; };
		9FF8FD261CE869D00028B4B0 /* Assets.xcassets in Resources */ = {isa = PBXBuildFile; fileRef = 9FF8FD251CE869D00028B4B0 /* Assets.xcassets */; };
		9FF8FD291CE869D00028B4B0 /* LaunchScreen.storyboard in Resources */ = {isa = PBXBuildFile; fileRef = 9FF8FD271CE869D00028B4B0 /* LaunchScreen.storyboard */; };
		9FF8FD341CE869D10028B4B0 /* ContactTests.m in Sources */ = {isa = PBXBuildFile; fileRef = 9FF8FD331CE869D10028B4B0 /* ContactTests.m */; };
		9FF8FD3F1CE869D10028B4B0 /* ContactUITests.m in Sources */ = {isa = PBXBuildFile; fileRef = 9FF8FD3E1CE869D10028B4B0 /* ContactUITests.m */; };
		9FF8FD4D1CE86BC40028B4B0 /* AddressBook.framework in Frameworks */ = {isa = PBXBuildFile; fileRef = 9FF8FD4C1CE86BC40028B4B0 /* AddressBook.framework */; };
/* End PBXBuildFile section */

/* Begin PBXContainerItemProxy section */
		9FF8FD301CE869D10028B4B0 /* PBXContainerItemProxy */ = {
			isa = PBXContainerItemProxy;
			containerPortal = 9FF8FD0E1CE869CF0028B4B0 /* Project object */;
			proxyType = 1;
			remoteGlobalIDString = 9FF8FD151CE869CF0028B4B0;
			remoteInfo = Contact;
		};
		9FF8FD3B1CE869D10028B4B0 /* PBXContainerItemProxy */ = {
			isa = PBXContainerItemProxy;
			containerPortal = 9FF8FD0E1CE869CF0028B4B0 /* Project object */;
			proxyType = 1;
			remoteGlobalIDString = 9FF8FD151CE869CF0028B4B0;
			remoteInfo = Contact;
		};
/* End PBXContainerItemProxy section */

/* Begin PBXFileReference section */
		9F827B341DFEC64E00696DA2 /* default.txt */ = {isa = PBXFileReference; fileEncoding = 4; lastKnownFileType = text; path = default.txt; sourceTree = "<group>"; };
		9FB766121CEB738F0088F3F6 /* phone.txt */ = {isa = PBXFileReference; fileEncoding = 4; lastKnownFileType = text; path = phone.txt; sourceTree = "<group>"; };
		9FB766141CEB74390088F3F6 /* contact.txt */ = {isa = PBXFileReference; fileEncoding = 4; lastKnownFileType = text; path = contact.txt; sourceTree = "<group>"; };
		9FDAB6A71E013DC800A5DB92 /* telphone.txt */ = {isa = PBXFileReference; fileEncoding = 4; lastKnownFileType = text; path = telphone.txt; sourceTree = "<group>"; };
		9FF8FD161CE869CF0028B4B0 /* Contact.app */ = {isa = PBXFileReference; explicitFileType = wrapper.application; includeInIndex = 0; path = Contact.app; sourceTree = BUILT_PRODUCTS_DIR; };
		9FF8FD1A1CE869D00028B4B0 /* main.m */ = {isa = PBXFileReference; lastKnownFileType = sourcecode.c.objc; path = main.m; sourceTree = "<group>"; };
		9FF8FD1C1CE869D00028B4B0 /* AppDelegate.h */ = {isa = PBXFileReference; lastKnownFileType = sourcecode.c.h; path = AppDelegate.h; sourceTree = "<group>"; };
		9FF8FD1D1CE869D00028B4B0 /* AppDelegate.m */ = {isa = PBXFileReference; lastKnownFileType = sourcecode.c.objc; path = AppDelegate.m; sourceTree = "<group>"; };
		9FF8FD1F1CE869D00028B4B0 /* ViewController.h */ = {isa = PBXFileReference; lastKnownFileType = sourcecode.c.h; path = ViewController.h; sourceTree = "<group>"; };
		9FF8FD201CE869D00028B4B0 /* ViewController.m */ = {isa = PBXFileReference; lastKnownFileType = sourcecode.c.objc; path = ViewController.m; sourceTree = "<group>"; };
		9FF8FD231CE869D00028B4B0 /* Base */ = {isa = PBXFileReference; lastKnownFileType = file.storyboard; name = Base; path = Base.lproj/Main.storyboard; sourceTree = "<group>"; };
		9FF8FD251CE869D00028B4B0 /* Assets.xcassets */ = {isa = PBXFileReference; lastKnownFileType = folder.assetcatalog; path = Assets.xcassets; sourceTree = "<group>"; };
		9FF8FD281CE869D00028B4B0 /* Base */ = {isa = PBXFileReference; lastKnownFileType = file.storyboard; name = Base; path = Base.lproj/LaunchScreen.storyboard; sourceTree = "<group>"; };
		9FF8FD2A1CE869D00028B4B0 /* Info.plist */ = {isa = PBXFileReference; lastKnownFileType = text.plist.xml; path = Info.plist; sourceTree = "<group>"; };
		9FF8FD2F1CE869D10028B4B0 /* ContactTests.xctest */ = {isa = PBXFileReference; explicitFileType = wrapper.cfbundle; includeInIndex = 0; path = ContactTests.xctest; sourceTree = BUILT_PRODUCTS_DIR; };
		9FF8FD331CE869D10028B4B0 /* ContactTests.m */ = {isa = PBXFileReference; lastKnownFileType = sourcecode.c.objc; path = ContactTests.m; sourceTree = "<group>"; };
		9FF8FD351CE869D10028B4B0 /* Info.plist */ = {isa = PBXFileReference; lastKnownFileType = text.plist.xml; path = Info.plist; sourceTree = "<group>"; };
		9FF8FD3A1CE869D10028B4B0 /* ContactUITests.xctest */ = {isa = PBXFileReference; explicitFileType = wrapper.cfbundle; includeInIndex = 0; path = ContactUITests.xctest; sourceTree = BUILT_PRODUCTS_DIR; };
		9FF8FD3E1CE869D10028B4B0 /* ContactUITests.m */ = {isa = PBXFileReference; lastKnownFileType = sourcecode.c.objc; path = ContactUITests.m; sourceTree = "<group>"; };
		9FF8FD401CE869D10028B4B0 /* Info.plist */ = {isa = PBXFileReference; lastKnownFileType = text.plist.xml; path = Info.plist; sourceTree = "<group>"; };
		9FF8FD4C1CE86BC40028B4B0 /* AddressBook.framework */ = {isa = PBXFileReference; lastKnownFileType = wrapper.framework; name = AddressBook.framework; path = System/Library/Frameworks/AddressBook.framework; sourceTree = SDKROOT; };
/* End PBXFileReference section */

/* Begin PBXFrameworksBuildPhase section */
		9FF8FD131CE869CF0028B4B0 /* Frameworks */ = {
			isa = PBXFrameworksBuildPhase;
			buildActionMask = 2147483647;
			files = (
				9FF8FD4D1CE86BC40028B4B0 /* AddressBook.framework in Frameworks */,
			);
			runOnlyForDeploymentPostprocessing = 0;
		};
		9FF8FD2C1CE869D10028B4B0 /* Frameworks */ = {
			isa = PBXFrameworksBuildPhase;
			buildActionMask = 2147483647;
			files = (
			);
			runOnlyForDeploymentPostprocessing = 0;
		};
		9FF8FD371CE869D10028B4B0 /* Frameworks */ = {
			isa = PBXFrameworksBuildPhase;
			buildActionMask = 2147483647;
			files = (
			);
			runOnlyForDeploymentPostprocessing = 0;
		};
/* End PBXFrameworksBuildPhase section */

/* Begin PBXGroup section */
		9FF8FD0D1CE869CF0028B4B0 = {
			isa = PBXGroup;
			children = (
				9FF8FD4C1CE86BC40028B4B0 /* AddressBook.framework */,
				9FF8FD181CE869CF0028B4B0 /* Contact */,
				9FF8FD321CE869D10028B4B0 /* ContactTests */,
				9FF8FD3D1CE869D10028B4B0 /* ContactUITests */,
				9FF8FD171CE869CF0028B4B0 /* Products */,
			);
			sourceTree = "<group>";
		};
		9FF8FD171CE869CF0028B4B0 /* Products */ = {
			isa = PBXGroup;
			children = (
				9FF8FD161CE869CF0028B4B0 /* Contact.app */,
				9FF8FD2F1CE869D10028B4B0 /* ContactTests.xctest */,
				9FF8FD3A1CE869D10028B4B0 /* ContactUITests.xctest */,
			);
			name = Products;
			sourceTree = "<group>";
		};
		9FF8FD181CE869CF0028B4B0 /* Contact */ = {
			isa = PBXGroup;
			children = (
				9FF8FD1C1CE869D00028B4B0 /* AppDelegate.h */,
				9FF8FD1D1CE869D00028B4B0 /* AppDelegate.m */,
				9FF8FD1F1CE869D00028B4B0 /* ViewController.h */,
				9FF8FD201CE869D00028B4B0 /* ViewController.m */,
				9FF8FD221CE869D00028B4B0 /* Main.storyboard */,
				9FF8FD251CE869D00028B4B0 /* Assets.xcassets */,
				9FF8FD271CE869D00028B4B0 /* LaunchScreen.storyboard */,
				9FF8FD2A1CE869D00028B4B0 /* Info.plist */,
				9FF8FD191CE869D00028B4B0 /* Supporting Files */,
			);
			path = Contact;
			sourceTree = "<group>";
		};
		9FF8FD191CE869D00028B4B0 /* Supporting Files */ = {
			isa = PBXGroup;
			children = (
				9FDAB6A71E013DC800A5DB92 /* telphone.txt */,
				9F827B341DFEC64E00696DA2 /* default.txt */,
				9FB766141CEB74390088F3F6 /* contact.txt */,
				9FB766121CEB738F0088F3F6 /* phone.txt */,
				9FF8FD1A1CE869D00028B4B0 /* main.m */,
			);
			name = "Supporting Files";
			sourceTree = "<group>";
		};
		9FF8FD321CE869D10028B4B0 /* ContactTests */ = {
			isa = PBXGroup;
			children = (
				9FF8FD331CE869D10028B4B0 /* ContactTests.m */,
				9FF8FD351CE869D10028B4B0 /* Info.plist */,
			);
			path = ContactTests;
			sourceTree = "<group>";
		};
		9FF8FD3D1CE869D10028B4B0 /* ContactUITests */ = {
			isa = PBXGroup;
			children = (
				9FF8FD3E1CE869D10028B4B0 /* ContactUITests.m */,
				9FF8FD401CE869D10028B4B0 /* Info.plist */,
			);
			path = ContactUITests;
			sourceTree = "<group>";
		};
/* End PBXGroup section */

/* Begin PBXNativeTarget section */
		9FF8FD151CE869CF0028B4B0 /* Contact */ = {
			isa = PBXNativeTarget;
			buildConfigurationList = 9FF8FD431CE869D10028B4B0 /* Build configuration list for PBXNativeTarget "Contact" */;
			buildPhases = (
				9FF8FD121CE869CF0028B4B0 /* Sources */,
				9FF8FD131CE869CF0028B4B0 /* Frameworks */,
				9FF8FD141CE869CF0028B4B0 /* Resources */,
			);
			buildRules = (
			);
			dependencies = (
			);
			name = Contact;
			productName = Contact;
			productReference = 9FF8FD161CE869CF0028B4B0 /* Contact.app */;
			productType = "com.apple.product-type.application";
		};
		9FF8FD2E1CE869D10028B4B0 /* ContactTests */ = {
			isa = PBXNativeTarget;
			buildConfigurationList = 9FF8FD461CE869D10028B4B0 /* Build configuration list for PBXNativeTarget "ContactTests" */;
			buildPhases = (
				9FF8FD2B1CE869D10028B4B0 /* Sources */,
				9FF8FD2C1CE869D10028B4B0 /* Frameworks */,
				9FF8FD2D1CE869D10028B4B0 /* Resources */,
			);
			buildRules = (
			);
			dependencies = (
				9FF8FD311CE869D10028B4B0 /* PBXTargetDependency */,
			);
			name = ContactTests;
			productName = ContactTests;
			productReference = 9FF8FD2F1CE869D10028B4B0 /* ContactTests.xctest */;
			productType = "com.apple.product-type.bundle.unit-test";
		};
		9FF8FD391CE869D10028B4B0 /* ContactUITests */ = {
			isa = PBXNativeTarget;
			buildConfigurationList = 9FF8FD491CE869D10028B4B0 /* Build configuration list for PBXNativeTarget "ContactUITests" */;
			buildPhases = (
				9FF8FD361CE869D10028B4B0 /* Sources */,
				9FF8FD371CE869D10028B4B0 /* Frameworks */,
				9FF8FD381CE869D10028B4B0 /* Resources */,
			);
			buildRules = (
			);
			dependencies = (
				9FF8FD3C1CE869D10028B4B0 /* PBXTargetDependency */,
			);
			name = ContactUITests;
			productName = ContactUITests;
			productReference = 9FF8FD3A1CE869D10028B4B0 /* ContactUITests.xctest */;
			productType = "com.apple.product-type.bundle.ui-testing";
		};
/* End PBXNativeTarget section */

/* Begin PBXProject section */
		9FF8FD0E1CE869CF0028B4B0 /* Project object */ = {
			isa = PBXProject;
			attributes = {
				LastUpgradeCheck = 0730;
				ORGANIZATIONNAME = allen;
				TargetAttributes = {
					9FF8FD151CE869CF0028B4B0 = {
						CreatedOnToolsVersion = 7.3;
						DevelopmentTeam = Z76563D9HQ;
					};
					9FF8FD2E1CE869D10028B4B0 = {
						CreatedOnToolsVersion = 7.3;
						TestTargetID = 9FF8FD151CE869CF0028B4B0;
					};
					9FF8FD391CE869D10028B4B0 = {
						CreatedOnToolsVersion = 7.3;
						TestTargetID = 9FF8FD151CE869CF0028B4B0;
					};
				};
			};
			buildConfigurationList = 9FF8FD111CE869CF0028B4B0 /* Build configuration list for PBXProject "Contact" */;
			compatibilityVersion = "Xcode 3.2";
			developmentRegion = English;
			hasScannedForEncodings = 0;
			knownRegions = (
				en,
				Base,
			);
			mainGroup = 9FF8FD0D1CE869CF0028B4B0;
			productRefGroup = 9FF8FD171CE869CF0028B4B0 /* Products */;
			projectDirPath = "";
			projectRoot = "";
			targets = (
				9FF8FD151CE869CF0028B4B0 /* Contact */,
				9FF8FD2E1CE869D10028B4B0 /* ContactTests */,
				9FF8FD391CE869D10028B4B0 /* ContactUITests */,
			);
		};
/* End PBXProject section */

/* Begin PBXResourcesBuildPhase section */
		9FF8FD141CE869CF0028B4B0 /* Resources */ = {
			isa = PBXResourcesBuildPhase;
			buildActionMask = 2147483647;
			files = (
				9FF8FD291CE869D00028B4B0 /* LaunchScreen.storyboard in Resources */,
				9FF8FD261CE869D00028B4B0 /* Assets.xcassets in Resources */,
				9F827B351DFEC64E00696DA2 /* default.txt in Resources */,
				9FDAB6A81E013DC800A5DB92 /* telphone.txt in Resources */,
				9FB766151CEB74390088F3F6 /* contact.txt in Resources */,
				9FF8FD241CE869D00028B4B0 /* Main.storyboard in Resources */,
				9FB766131CEB738F0088F3F6 /* phone.txt in Resources */,
			);
			runOnlyForDeploymentPostprocessing = 0;
		};
		9FF8FD2D1CE869D10028B4B0 /* Resources */ = {
			isa = PBXResourcesBuildPhase;
			buildActionMask = 2147483647;
			files = (
			);
			runOnlyForDeploymentPostprocessing = 0;
		};
		9FF8FD381CE869D10028B4B0 /* Resources */ = {
			isa = PBXResourcesBuildPhase;
			buildActionMask = 2147483647;
			files = (
			);
			runOnlyForDeploymentPostprocessing = 0;
		};
/* End PBXResourcesBuildPhase section */

/* Begin PBXSourcesBuildPhase section */
		9FF8FD121CE869CF0028B4B0 /* Sources */ = {
			isa = PBXSourcesBuildPhase;
			buildActionMask = 2147483647;
			files = (
				9FF8FD211CE869D00028B4B0 /* ViewController.m in Sources */,
				9FF8FD1E1CE869D00028B4B0 /* AppDelegate.m in Sources */,
				9FF8FD1B1CE869D00028B4B0 /* main.m in Sources */,
			);
			runOnlyForDeploymentPostprocessing = 0;
		};
		9FF8FD2B1CE869D10028B4B0 /* Sources */ = {
			isa = PBXSourcesBuildPhase;
			buildActionMask = 2147483647;
			files = (
				9FF8FD341CE869D10028B4B0 /* ContactTests.m in Sources */,
			);
			runOnlyForDeploymentPostprocessing = 0;
		};
		9FF8FD361CE869D10028B4B0 /* Sources */ = {
			isa = PBXSourcesBuildPhase;
			buildActionMask = 2147483647;
			files = (
				9FF8FD3F1CE869D10028B4B0 /* ContactUITests.m in Sources */,
			);
			runOnlyForDeploymentPostprocessing = 0;
		};
/* End PBXSourcesBuildPhase section */

/* Begin PBXTargetDependency section */
		9FF8FD311CE869D10028B4B0 /* PBXTargetDependency */ = {
			isa = PBXTargetDependency;
			target = 9FF8FD151CE869CF0028B4B0 /* Contact */;
			targetProxy = 9FF8FD301CE869D10028B4B0 /* PBXContainerItemProxy */;
		};
		9FF8FD3C1CE869D10028B4B0 /* PBXTargetDependency */ = {
			isa = PBXTargetDependency;
			target = 9FF8FD151CE869CF0028B4B0 /* Contact */;
			targetProxy = 9FF8FD3B1CE869D10028B4B0 /* PBXContainerItemProxy */;
		};
/* End PBXTargetDependency section */

/* Begin PBXVariantGroup section */
		9FF8FD221CE869D00028B4B0 /* Main.storyboard */ = {
			isa = PBXVariantGroup;
			children = (
				9FF8FD231CE869D00028B4B0 /* Base */,
			);
			name = Main.storyboard;
			sourceTree = "<group>";
		};
		9FF8FD271CE869D00028B4B0 /* LaunchScreen.storyboard */ = {
			isa = PBXVariantGroup;
			children = (
				9FF8FD281CE869D00028B4B0 /* Base */,
			);
			name = LaunchScreen.storyboard;
			sourceTree = "<group>";
		};
/* End PBXVariantGroup section */

/* Begin XCBuildConfiguration section */
		9FF8FD411CE869D10028B4B0 /* Debug */ = {
			isa = XCBuildConfiguration;
			buildSettings = {
				ALWAYS_SEARCH_USER_PATHS = NO;
				CLANG_ANALYZER_NONNULL = YES;
				CLANG_CXX_LANGUAGE_STANDARD = "gnu++0x";
				CLANG_CXX_LIBRARY = "libc++";
				CLANG_ENABLE_MODULES = YES;
				CLANG_ENABLE_OBJC_ARC = YES;
				CLANG_WARN_BOOL_CONVERSION = YES;
				CLANG_WARN_CONSTANT_CONVERSION = YES;
				CLANG_WARN_DIRECT_OBJC_ISA_USAGE = YES_ERROR;
				CLANG_WARN_EMPTY_BODY = YES;
				CLANG_WARN_ENUM_CONVERSION = YES;
				CLANG_WARN_INT_CONVERSION = YES;
				CLANG_WARN_OBJC_ROOT_CLASS = YES_ERROR;
				CLANG_WARN_UNREACHABLE_CODE = YES;
				CLANG_WARN__DUPLICATE_METHOD_MATCH = YES;
				CODE_SIGN_IDENTITY = "";
				"CODE_SIGN_IDENTITY[sdk=iphoneos*]" = "";
				COPY_PHASE_STRIP = NO;
				DEBUG_INFORMATION_FORMAT = dwarf;
				ENABLE_STRICT_OBJC_MSGSEND = YES;
				ENABLE_TESTABILITY = YES;
				GCC_C_LANGUAGE_STANDARD = gnu99;
				GCC_DYNAMIC_NO_PIC = NO;
				GCC_NO_COMMON_BLOCKS = YES;
				GCC_OPTIMIZATION_LEVEL = 0;
				GCC_PREPROCESSOR_DEFINITIONS = (
					"DEBUG=1",
					"$(inherited)",
				);
				GCC_WARN_64_TO_32_BIT_CONVERSION = YES;
				GCC_WARN_ABOUT_RETURN_TYPE = YES_ERROR;
				GCC_WARN_UNDECLARED_SELECTOR = YES;
				GCC_WARN_UNINITIALIZED_AUTOS = YES_AGGRESSIVE;
				GCC_WARN_UNUSED_FUNCTION = YES;
				GCC_WARN_UNUSED_VARIABLE = YES;
				IPHONEOS_DEPLOYMENT_TARGET = 9.3;
				MTL_ENABLE_DEBUG_INFO = YES;
				ONLY_ACTIVE_ARCH = YES;
				SDKROOT = iphoneos;
				TARGETED_DEVICE_FAMILY = "1,2";
			};
			name = Debug;
		};
		9FF8FD421CE869D10028B4B0 /* Release */ = {
			isa = XCBuildConfiguration;
			buildSettings = {
				ALWAYS_SEARCH_USER_PATHS = NO;
				CLANG_ANALYZER_NONNULL = YES;
				CLANG_CXX_LANGUAGE_STANDARD = "gnu++0x";
				CLANG_CXX_LIBRARY = "libc++";
				CLANG_ENABLE_MODULES = YES;
				CLANG_ENABLE_OBJC_ARC = YES;
				CLANG_WARN_BOOL_CONVERSION = YES;
				CLANG_WARN_CONSTANT_CONVERSION = YES;
				CLANG_WARN_DIRECT_OBJC_ISA_USAGE = YES_ERROR;
				CLANG_WARN_EMPTY_BODY = YES;
				CLANG_WARN_ENUM_CONVERSION = YES;
				CLANG_WARN_INT_CONVERSION = YES;
				CLANG_WARN_OBJC_ROOT_CLASS = YES_ERROR;
				CLANG_WARN_UNREACHABLE_CODE = YES;
				CLANG_WARN__DUPLICATE_METHOD_MATCH = YES;
				CODE_SIGN_IDENTITY = "";
				"CODE_SIGN_IDENTITY[sdk=iphoneos*]" = "";
				COPY_PHASE_STRIP = NO;
				DEBUG_INFORMATION_FORMAT = "dwarf-with-dsym";
				ENABLE_NS_ASSERTIONS = NO;
				ENABLE_STRICT_OBJC_MSGSEND = YES;
				GCC_C_LANGUAGE_STANDARD = gnu99;
				GCC_NO_COMMON_BLOCKS = YES;
				GCC_WARN_64_TO_32_BIT_CONVERSION = YES;
				GCC_WARN_ABOUT_RETURN_TYPE = YES_ERROR;
				GCC_WARN_UNDECLARED_SELECTOR = YES;
				GCC_WARN_UNINITIALIZED_AUTOS = YES_AGGRESSIVE;
				GCC_WARN_UNUSED_FUNCTION = YES;
				GCC_WARN_UNUSED_VARIABLE = YES;
				IPHONEOS_DEPLOYMENT_TARGET = 9.3;
				MTL_ENABLE_DEBUG_INFO = NO;
				SDKROOT = iphoneos;
				TARGETED_DEVICE_FAMILY = "1,2";
				VALIDATE_PRODUCT = YES;
			};
			name = Release;
		};
		9FF8FD441CE869D10028B4B0 /* Debug */ = {
			isa = XCBuildConfiguration;
			buildSettings = {
				ASSETCATALOG_COMPILER_APPICON_NAME = AppIcon;
				CODE_SIGN_IDENTITY = "iPhone Developer";
				"CODE_SIGN_IDENTITY[sdk=iphoneos*]" = "iPhone Developer";
				INFOPLIST_FILE = Contact/Info.plist;
				IPHONEOS_DEPLOYMENT_TARGET = 7.1;
				LD_RUNPATH_SEARCH_PATHS = "$(inherited) @executable_path/Frameworks";
				PRODUCT_BUNDLE_IDENTIFIER = com.fengwujie.Contact;
				PRODUCT_NAME = "$(TARGET_NAME)";
				PROVISIONING_PROFILE = "";
			};
			name = Debug;
		};
		9FF8FD451CE869D10028B4B0 /* Release */ = {
			isa = XCBuildConfiguration;
			buildSettings = {
				ASSETCATALOG_COMPILER_APPICON_NAME = AppIcon;
				CODE_SIGN_IDENTITY = "iPhone Developer";
				"CODE_SIGN_IDENTITY[sdk=iphoneos*]" = "iPhone Developer";
				INFOPLIST_FILE = Contact/Info.plist;
				IPHONEOS_DEPLOYMENT_TARGET = 7.1;
				LD_RUNPATH_SEARCH_PATHS = "$(inherited) @executable_path/Frameworks";
				PRODUCT_BUNDLE_IDENTIFIER = com.fengwujie.Contact;
				PRODUCT_NAME = "$(TARGET_NAME)";
				PROVISIONING_PROFILE = "";
			};
			name = Release;
		};
		9FF8FD471CE869D10028B4B0 /* Debug */ = {
			isa = XCBuildConfiguration;
			buildSettings = {
				BUNDLE_LOADER = "$(TEST_HOST)";
				INFOPLIST_FILE = ContactTests/Info.plist;
				LD_RUNPATH_SEARCH_PATHS = "$(inherited) @executable_path/Frameworks @loader_path/Frameworks";
				PRODUCT_BUNDLE_IDENTIFIER = com.fengwujie.ContactTests;
				PRODUCT_NAME = "$(TARGET_NAME)";
				TEST_HOST = "$(BUILT_PRODUCTS_DIR)/Contact.app/Contact";
			};
			name = Debug;
		};
		9FF8FD481CE869D10028B4B0 /* Release */ = {
			isa = XCBuildConfiguration;
			buildSettings = {
				BUNDLE_LOADER = "$(TEST_HOST)";
				INFOPLIST_FILE = ContactTests/Info.plist;
				LD_RUNPATH_SEARCH_PATHS = "$(inherited) @executable_path/Frameworks @loader_path/Frameworks";
				PRODUCT_BUNDLE_IDENTIFIER = com.fengwujie.ContactTests;
				PRODUCT_NAME = "$(TARGET_NAME)";
				TEST_HOST = "$(BUILT_PRODUCTS_DIR)/Contact.app/Contact";
			};
			name = Release;
		};
		9FF8FD4A1CE869D10028B4B0 /* Debug */ = {
			isa = XCBuildConfiguration;
			buildSettings = {
				INFOPLIST_FILE = ContactUITests/Info.plist;
				LD_RUNPATH_SEARCH_PATHS = "$(inherited) @executable_path/Frameworks @loader_path/Frameworks";
				PRODUCT_BUNDLE_IDENTIFIER = com.fengwujie.ContactUITests;
				PRODUCT_NAME = "$(TARGET_NAME)";
				TEST_TARGET_NAME = Contact;
			};
			name = Debug;
		};
		9FF8FD4B1CE869D10028B4B0 /* Release */ = {
			isa = XCBuildConfiguration;
			buildSettings = {
				INFOPLIST_FILE = ContactUITests/Info.plist;
				LD_RUNPATH_SEARCH_PATHS = "$(inherited) @executable_path/Frameworks @loader_path/Frameworks";
				PRODUCT_BUNDLE_IDENTIFIER = com.fengwujie.ContactUITests;
				PRODUCT_NAME = "$(TARGET_NAME)";
				TEST_TARGET_NAME = Contact;
			};
			name = Release;
		};
/* End XCBuildConfiguration section */

/* Begin XCConfigurationList section */
		9FF8FD111CE869CF0028B4B0 /* Build configuration list for PBXProject "Contact" */ = {
			isa = XCConfigurationList;
			buildConfigurations = (
				9FF8FD411CE869D10028B4B0 /* Debug */,
				9FF8FD421CE869D10028B4B0 /* Release */,
			);
			defaultConfigurationIsVisible = 0;
			defaultConfigurationName = Release;
		};
		9FF8FD431CE869D10028B4B0 /* Build configuration list for PBXNativeTarget "Contact" */ = {
			isa = XCConfigurationList;
			buildConfigurations = (
				9FF8FD441CE869D10028B4B0 /* Debug */,
				9FF8FD451CE869D10028B4B0 /* Release */,
			);
			defaultConfigurationIsVisible = 0;
			defaultConfigurationName = Release;
		};
		9FF8FD461CE869D10028B4B0 /* Build configuration list for PBXNativeTarget "ContactTests" */ = {
			isa = XCConfigurationList;
			buildConfigurations = (
				9FF8FD471CE869D10028B4B0 /* Debug */,
				9FF8FD481CE869D10028B4B0 /* Release */,
			);
			defaultConfigurationIsVisible = 0;
			defaultConfigurationName = Release;
		};
		9FF8FD491CE869D10028B4B0 /* Build configuration list for PBXNativeTarget "ContactUITests" */ = {
			isa = XCConfigurationList;
			buildConfigurations = (
				9FF8FD4A1CE869D10028B4B0 /* Debug */,
				9FF8FD4B1CE869D10028B4B0 /* Release */,
			);
			defaultConfigurationIsVisible = 0;
			defaultConfigurationName = Release;
		};
/* End XCConfigurationList section */
	};
	rootObject = 9FF8FD0E1CE869CF0028B4B0 /* Project object */;
}
